
Microsoft Visual Studio Solution File, Format Version 12.00
# Visual Studio Version 17
VisualStudioVersion = 17.0.32112.339
MinimumVisualStudioVersion = 10.0.40219.1
Project("{9A19103F-16F7-4668-BE54-9A1E7A4F7556}") = "TheCryptographer", "TheCryptographer\TheCryptographer.csproj", "{635FFDC6-142D-47F2-B648-F9A84C25418E}"
EndProject
Project("{9A19103F-16F7-4668-BE54-9A1E7A4F7556}") = "TheCriptographerTests", "TheCriptographerTests\TheCriptographerTests.csproj", "{C4C7F120-3C10-427C-9DE7-D87C5206D4E2}"
EndProject
Project("{FAE04EC0-301F-11D3-BF4B-00C04F79EFBC}") = "GeometryTwo", "GeometryTwo\GeometryTwo.csproj", "{47D032C0-7140-4169-8C8D-9F9F6A033126}"
EndProject
Global
	GlobalSection(SolutionConfigurationPlatforms) = preSolution
		Debug|Any CPU = Debug|Any CPU
		Release|Any CPU = Release|Any CPU
	EndGlobalSection
	GlobalSection(ProjectConfigurationPlatforms) = postSolution
		{635FFDC6-142D-47F2-B648-F9A84C25418E}.Debug|Any CPU.ActiveCfg = Debug|Any CPU
		{635FFDC6-142D-47F2-B648-F9A84C25418E}.Debug|Any CPU.Build.0 = Debug|Any CPU
		{635FFDC6-142D-47F2-B648-F9A84C25418E}.Release|Any CPU.ActiveCfg = Release|Any CPU
		{635FFDC6-142D-47F2-B648-F9A84C25418E}.Release|Any CPU.Build.0 = Release|Any CPU
		{C4C7F120-3C10-427C-9DE7-D87C5206D4E2}.Debug|Any CPU.ActiveCfg = Debug|Any CPU
		{C4C7F120-3C10-427C-9DE7-D87C5206D4E2}.Debug|Any CPU.Build.0 = Debug|Any CPU
		{C4C7F120-3C10-427C-9DE7-D87C5206D4E2}.Release|Any CPU.ActiveCfg = Release|Any CPU
		{C4C7F120-3C10-427C-9DE7-D87C5206D4E2}.Release|Any CPU.Build.0 = Release|Any CPU
		{47D032C0-7140-4169-8C8D-9F9F6A033126}.Debug|Any CPU.ActiveCfg = Debug|Any CPU
		{47D032C0-7140-4169-8C8D-9F9F6A033126}.Debug|Any CPU.Build.0 = Debug|Any CPU
		{47D032C0-7140-4169-8C8D-9F9F6A033126}.Release|Any CPU.ActiveCfg = Release|Any CPU
		{47D032C0-7140-4169-8C8D-9F9F6A033126}.Release|Any CPU.Build.0 = Release|Any CPU
	EndGlobalSection
	GlobalSection(SolutionProperties) = preSolution
		HideSolutionNode = FALSE
	EndGlobalSection
	GlobalSection(ExtensibilityGlobals) = postSolution
		SolutionGuid = {1C972D3C-A1B9-4509-93EE-91D1BA53A397}
	EndGlobalSection
EndGlobal
