
Microsoft Visual Studio Solution File, Format Version 12.00
# Visual Studio Version 17
VisualStudioVersion = 17.0.32112.339
MinimumVisualStudioVersion = 10.0.40219.1
Project("{FAE04EC0-301F-11D3-BF4B-00C04F79EFBC}") = "Geometry", "Geometry\Geometry.csproj", "{5EF3DA19-9D0C-4229-926E-2801463148A7}"
EndProject
Global
	GlobalSection(SolutionConfigurationPlatforms) = preSolution
		Debug|Any CPU = Debug|Any CPU
		Release|Any CPU = Release|Any CPU
	EndGlobalSection
	GlobalSection(ProjectConfigurationPlatforms) = postSolution
		{5EF3DA19-9D0C-4229-926E-2801463148A7}.Debug|Any CPU.ActiveCfg = Debug|Any CPU
		{5EF3DA19-9D0C-4229-926E-2801463148A7}.Debug|Any CPU.Build.0 = Debug|Any CPU
		{5EF3DA19-9D0C-4229-926E-2801463148A7}.Release|Any CPU.ActiveCfg = Release|Any CPU
		{5EF3DA19-9D0C-4229-926E-2801463148A7}.Release|Any CPU.Build.0 = Release|Any CPU
	EndGlobalSection
	GlobalSection(SolutionProperties) = preSolution
		HideSolutionNode = FALSE
	EndGlobalSection
	GlobalSection(ExtensibilityGlobals) = postSolution
		SolutionGuid = {B84F3024-21DF-4BAE-B703-68E7CBFA3E89}
	EndGlobalSection
EndGlobal
